
Microsoft Visual Studio Solution File, Format Version 12.00
# Visual Studio 2012
Project("{FAE04EC0-301F-11D3-BF4B-00C04F79EFBC}") = "ADMembershipViewer", "ADMembershipViewer\ADMembershipViewer.csproj", "{DB37374D-DE1F-40FD-94FD-D681AD133B40}"
EndProject
Global
	GlobalSection(SolutionConfigurationPlatforms) = preSolution
		Debug|Any CPU = Debug|Any CPU
		Release|Any CPU = Release|Any CPU
	EndGlobalSection
	GlobalSection(ProjectConfigurationPlatforms) = postSolution
		{DB37374D-DE1F-40FD-94FD-D681AD133B40}.Debug|Any CPU.ActiveCfg = Debug|Any CPU
		{DB37374D-DE1F-40FD-94FD-D681AD133B40}.Debug|Any CPU.Build.0 = Debug|Any CPU
		{DB37374D-DE1F-40FD-94FD-D681AD133B40}.Release|Any CPU.ActiveCfg = Release|Any CPU
		{DB37374D-DE1F-40FD-94FD-D681AD133B40}.Release|Any CPU.Build.0 = Release|Any CPU
	EndGlobalSection
	GlobalSection(SolutionProperties) = preSolution
		HideSolutionNode = FALSE
	EndGlobalSection
EndGlobal
